{
  "pins" : [
    {
      "identity" : "breez-sdk-liquid-swift",
      "kind" : "remoteSourceControl",
      "location" : "https://github.com/breez/breez-sdk-liquid-swift",
      "state" : {
        "revision" : "a5303c918892dfc0a2a2444fc86d1664ab75ca31",
        "version" : "0.12.4"
      }
    },
    {
      "identity" : "swift-secp256k1",
      "kind" : "remoteSourceControl",
      "location" : "https://github.com/21-DOT-DEV/swift-secp256k1",
      "state" : {
        "revision" : "8c62aba8a3011c9bcea232e5ee007fb0b34a15e2",
        "version" : "0.21.1"
      }
    }
  ],
  "version" : 2
}
